
Microsoft Visual Studio Solution File, Format Version 12.00
# Visual Studio Version 17
VisualStudioVersion = 17.5.33530.505
MinimumVisualStudioVersion = 10.0.40219.1
Project("{9A19103F-16F7-4668-BE54-9A1E7A4F7556}") = "PortfolioSite", "PortfolioSite\PortfolioSite.csproj", "{EFA340F4-DB53-4B13-8E43-41BC129A4DEC}"
EndProject
Project("{9A19103F-16F7-4668-BE54-9A1E7A4F7556}") = "OnlineStoreExample", "OnlineStoreExample\OnlineStoreExample.csproj", "{D0E51132-2D44-42D0-B17F-53233CC5D37A}"
EndProject
Project("{9A19103F-16F7-4668-BE54-9A1E7A4F7556}") = "OnlineStoreLibrary", "OnlineStoreLibrary\OnlineStoreLibrary.csproj", "{6DB37F21-FB2B-4AC3-9F33-87FC52B310EB}"
EndProject
Global
	GlobalSection(SolutionConfigurationPlatforms) = preSolution
		Debug|Any CPU = Debug|Any CPU
		Release|Any CPU = Release|Any CPU
	EndGlobalSection
	GlobalSection(ProjectConfigurationPlatforms) = postSolution
		{EFA340F4-DB53-4B13-8E43-41BC129A4DEC}.Debug|Any CPU.ActiveCfg = Debug|Any CPU
		{EFA340F4-DB53-4B13-8E43-41BC129A4DEC}.Debug|Any CPU.Build.0 = Debug|Any CPU
		{EFA340F4-DB53-4B13-8E43-41BC129A4DEC}.Release|Any CPU.ActiveCfg = Release|Any CPU
		{EFA340F4-DB53-4B13-8E43-41BC129A4DEC}.Release|Any CPU.Build.0 = Release|Any CPU
		{D0E51132-2D44-42D0-B17F-53233CC5D37A}.Debug|Any CPU.ActiveCfg = Debug|Any CPU
		{D0E51132-2D44-42D0-B17F-53233CC5D37A}.Debug|Any CPU.Build.0 = Debug|Any CPU
		{D0E51132-2D44-42D0-B17F-53233CC5D37A}.Release|Any CPU.ActiveCfg = Release|Any CPU
		{D0E51132-2D44-42D0-B17F-53233CC5D37A}.Release|Any CPU.Build.0 = Release|Any CPU
		{6DB37F21-FB2B-4AC3-9F33-87FC52B310EB}.Debug|Any CPU.ActiveCfg = Debug|Any CPU
		{6DB37F21-FB2B-4AC3-9F33-87FC52B310EB}.Debug|Any CPU.Build.0 = Debug|Any CPU
		{6DB37F21-FB2B-4AC3-9F33-87FC52B310EB}.Release|Any CPU.ActiveCfg = Release|Any CPU
		{6DB37F21-FB2B-4AC3-9F33-87FC52B310EB}.Release|Any CPU.Build.0 = Release|Any CPU
	EndGlobalSection
	GlobalSection(SolutionProperties) = preSolution
		HideSolutionNode = FALSE
	EndGlobalSection
	GlobalSection(ExtensibilityGlobals) = postSolution
		SolutionGuid = {4E4349BB-9EF3-4922-B25F-B4279DA5D83F}
	EndGlobalSection
EndGlobal
